
Microsoft Visual Studio Solution File, Format Version 12.00
# Visual Studio 14
VisualStudioVersion = 14.0.23107.0
MinimumVisualStudioVersion = 10.0.40219.1
Project("{FAE04EC0-301F-11D3-BF4B-00C04F79EFBC}") = "Forecast.it", "Forecast.it.csproj", "{4077BCE5-33E1-40C0-B930-82974822D953}"
EndProject
Project("{FAE04EC0-301F-11D3-BF4B-00C04F79EFBC}") = "ForecastTester", "..\ForecastTester\ForecastTester.csproj", "{608E8BEA-5D6B-4CE3-B988-6EFF7D4A800B}"
EndProject
Global
	GlobalSection(SolutionConfigurationPlatforms) = preSolution
		Debug|Any CPU = Debug|Any CPU
		Debug|ARM = Debug|ARM
		Debug|x86 = Debug|x86
		Release|Any CPU = Release|Any CPU
		Release|ARM = Release|ARM
		Release|x86 = Release|x86
	EndGlobalSection
	GlobalSection(ProjectConfigurationPlatforms) = postSolution
		{4077BCE5-33E1-40C0-B930-82974822D953}.Debug|Any CPU.ActiveCfg = Debug|Any CPU
		{4077BCE5-33E1-40C0-B930-82974822D953}.Debug|Any CPU.Build.0 = Debug|Any CPU
		{4077BCE5-33E1-40C0-B930-82974822D953}.Debug|Any CPU.Deploy.0 = Debug|Any CPU
		{4077BCE5-33E1-40C0-B930-82974822D953}.Debug|ARM.ActiveCfg = Debug|ARM
		{4077BCE5-33E1-40C0-B930-82974822D953}.Debug|ARM.Build.0 = Debug|ARM
		{4077BCE5-33E1-40C0-B930-82974822D953}.Debug|ARM.Deploy.0 = Debug|ARM
		{4077BCE5-33E1-40C0-B930-82974822D953}.Debug|x86.ActiveCfg = Debug|x86
		{4077BCE5-33E1-40C0-B930-82974822D953}.Debug|x86.Build.0 = Debug|x86
		{4077BCE5-33E1-40C0-B930-82974822D953}.Debug|x86.Deploy.0 = Debug|x86
		{4077BCE5-33E1-40C0-B930-82974822D953}.Release|Any CPU.ActiveCfg = Release|Any CPU
		{4077BCE5-33E1-40C0-B930-82974822D953}.Release|Any CPU.Build.0 = Release|Any CPU
		{4077BCE5-33E1-40C0-B930-82974822D953}.Release|Any CPU.Deploy.0 = Release|Any CPU
		{4077BCE5-33E1-40C0-B930-82974822D953}.Release|ARM.ActiveCfg = Release|ARM
		{4077BCE5-33E1-40C0-B930-82974822D953}.Release|ARM.Build.0 = Release|ARM
		{4077BCE5-33E1-40C0-B930-82974822D953}.Release|ARM.Deploy.0 = Release|ARM
		{4077BCE5-33E1-40C0-B930-82974822D953}.Release|x86.ActiveCfg = Release|x86
		{4077BCE5-33E1-40C0-B930-82974822D953}.Release|x86.Build.0 = Release|x86
		{4077BCE5-33E1-40C0-B930-82974822D953}.Release|x86.Deploy.0 = Release|x86
		{608E8BEA-5D6B-4CE3-B988-6EFF7D4A800B}.Debug|Any CPU.ActiveCfg = Debug|Any CPU
		{608E8BEA-5D6B-4CE3-B988-6EFF7D4A800B}.Debug|Any CPU.Build.0 = Debug|Any CPU
		{608E8BEA-5D6B-4CE3-B988-6EFF7D4A800B}.Debug|ARM.ActiveCfg = Debug|Any CPU
		{608E8BEA-5D6B-4CE3-B988-6EFF7D4A800B}.Debug|ARM.Build.0 = Debug|Any CPU
		{608E8BEA-5D6B-4CE3-B988-6EFF7D4A800B}.Debug|x86.ActiveCfg = Debug|Any CPU
		{608E8BEA-5D6B-4CE3-B988-6EFF7D4A800B}.Debug|x86.Build.0 = Debug|Any CPU
		{608E8BEA-5D6B-4CE3-B988-6EFF7D4A800B}.Release|Any CPU.ActiveCfg = Release|Any CPU
		{608E8BEA-5D6B-4CE3-B988-6EFF7D4A800B}.Release|Any CPU.Build.0 = Release|Any CPU
		{608E8BEA-5D6B-4CE3-B988-6EFF7D4A800B}.Release|ARM.ActiveCfg = Release|Any CPU
		{608E8BEA-5D6B-4CE3-B988-6EFF7D4A800B}.Release|ARM.Build.0 = Release|Any CPU
		{608E8BEA-5D6B-4CE3-B988-6EFF7D4A800B}.Release|x86.ActiveCfg = Release|Any CPU
		{608E8BEA-5D6B-4CE3-B988-6EFF7D4A800B}.Release|x86.Build.0 = Release|Any CPU
	EndGlobalSection
	GlobalSection(SolutionProperties) = preSolution
		HideSolutionNode = FALSE
	EndGlobalSection
EndGlobal
